# This file is automatically @generated by Cargo.
# It is not intended for manual editing.
version = 4

[[package]]
name = "dwn-rs"
version = "0.1.0-alpha"

[[package]]
name = "oid4vci-rs"
version = "0.1.0-alpha"

[[package]]
name = "oid4vp-rs"
version = "0.1.0-alpha"

[[package]]
name = "openid4vci-rs"
version = "0.1.0-alpha"

[[package]]
name = "openid4vp-rs"
version = "0.1.0-alpha"
